
Microsoft Visual Studio Solution File, Format Version 12.00
# Visual Studio Version 17
VisualStudioVersion = 17.5.002.0
MinimumVisualStudioVersion = 10.0.40219.1
Project("{9A19103F-16F7-4668-BE54-9A1E7A4F7556}") = "PInvoke", "PInvoke\PInvoke.csproj", "{8834059B-8559-4BFC-8F06-67B2EC8E2C95}"
EndProject
Global
	GlobalSection(SolutionConfigurationPlatforms) = preSolution
		Debug|Any CPU = Debug|Any CPU
		Release|Any CPU = Release|Any CPU
	EndGlobalSection
	GlobalSection(ProjectConfigurationPlatforms) = postSolution
		{8834059B-8559-4BFC-8F06-67B2EC8E2C95}.Debug|Any CPU.ActiveCfg = Debug|Any CPU
		{8834059B-8559-4BFC-8F06-67B2EC8E2C95}.Debug|Any CPU.Build.0 = Debug|Any CPU
		{8834059B-8559-4BFC-8F06-67B2EC8E2C95}.Release|Any CPU.ActiveCfg = Release|Any CPU
		{8834059B-8559-4BFC-8F06-67B2EC8E2C95}.Release|Any CPU.Build.0 = Release|Any CPU
	EndGlobalSection
	GlobalSection(SolutionProperties) = preSolution
		HideSolutionNode = FALSE
	EndGlobalSection
	GlobalSection(ExtensibilityGlobals) = postSolution
		SolutionGuid = {F6867509-1F6D-4F78-BEB1-621FF397F010}
	EndGlobalSection
EndGlobal
