
Microsoft Visual Studio Solution File, Format Version 12.00
# Visual Studio Version 17
VisualStudioVersion = 17.5.002.0
MinimumVisualStudioVersion = 10.0.40219.1
Project("{9A19103F-16F7-4668-BE54-9A1E7A4F7556}") = "MemoryGames", "MemoryGames\MemoryGames.csproj", "{08E190A1-0A7A-441E-8793-83F3A5FFC789}"
EndProject
Project("{9A19103F-16F7-4668-BE54-9A1E7A4F7556}") = "PInvoke", "PInvoke\PInvoke.csproj", "{C0DF323E-9C41-4C1C-8547-C7B612C606B7}"
EndProject
Project("{9A19103F-16F7-4668-BE54-9A1E7A4F7556}") = "ThreadTangles", "ThreadTangles\ThreadTangles.csproj", "{96C813DF-E9D0-42B3-80B1-87B4C1B7E069}"
EndProject
Project("{9A19103F-16F7-4668-BE54-9A1E7A4F7556}") = "ValuesPerformance", "ValuesPerformance\ValuesPerformance.csproj", "{921A7C20-7FA8-48AD-B0FA-3FC3E3A00237}"
EndProject
Project("{FAE04EC0-301F-11D3-BF4B-00C04F79EFBC}") = "BasicIO", "BasicIO\BasicIO.csproj", "{E490B79E-5253-4119-877D-8937AECA42F3}"
EndProject
Global
	GlobalSection(SolutionConfigurationPlatforms) = preSolution
		Debug|Any CPU = Debug|Any CPU
		Release|Any CPU = Release|Any CPU
	EndGlobalSection
	GlobalSection(ProjectConfigurationPlatforms) = postSolution
		{08E190A1-0A7A-441E-8793-83F3A5FFC789}.Debug|Any CPU.ActiveCfg = Debug|Any CPU
		{08E190A1-0A7A-441E-8793-83F3A5FFC789}.Debug|Any CPU.Build.0 = Debug|Any CPU
		{08E190A1-0A7A-441E-8793-83F3A5FFC789}.Release|Any CPU.ActiveCfg = Release|Any CPU
		{08E190A1-0A7A-441E-8793-83F3A5FFC789}.Release|Any CPU.Build.0 = Release|Any CPU
		{C0DF323E-9C41-4C1C-8547-C7B612C606B7}.Debug|Any CPU.ActiveCfg = Debug|Any CPU
		{C0DF323E-9C41-4C1C-8547-C7B612C606B7}.Debug|Any CPU.Build.0 = Debug|Any CPU
		{C0DF323E-9C41-4C1C-8547-C7B612C606B7}.Release|Any CPU.ActiveCfg = Release|Any CPU
		{C0DF323E-9C41-4C1C-8547-C7B612C606B7}.Release|Any CPU.Build.0 = Release|Any CPU
		{96C813DF-E9D0-42B3-80B1-87B4C1B7E069}.Debug|Any CPU.ActiveCfg = Debug|Any CPU
		{96C813DF-E9D0-42B3-80B1-87B4C1B7E069}.Debug|Any CPU.Build.0 = Debug|Any CPU
		{96C813DF-E9D0-42B3-80B1-87B4C1B7E069}.Release|Any CPU.ActiveCfg = Release|Any CPU
		{96C813DF-E9D0-42B3-80B1-87B4C1B7E069}.Release|Any CPU.Build.0 = Release|Any CPU
		{921A7C20-7FA8-48AD-B0FA-3FC3E3A00237}.Debug|Any CPU.ActiveCfg = Debug|Any CPU
		{921A7C20-7FA8-48AD-B0FA-3FC3E3A00237}.Debug|Any CPU.Build.0 = Debug|Any CPU
		{921A7C20-7FA8-48AD-B0FA-3FC3E3A00237}.Release|Any CPU.ActiveCfg = Release|Any CPU
		{921A7C20-7FA8-48AD-B0FA-3FC3E3A00237}.Release|Any CPU.Build.0 = Release|Any CPU
		{E490B79E-5253-4119-877D-8937AECA42F3}.Debug|Any CPU.ActiveCfg = Debug|Any CPU
		{E490B79E-5253-4119-877D-8937AECA42F3}.Debug|Any CPU.Build.0 = Debug|Any CPU
		{E490B79E-5253-4119-877D-8937AECA42F3}.Release|Any CPU.ActiveCfg = Release|Any CPU
		{E490B79E-5253-4119-877D-8937AECA42F3}.Release|Any CPU.Build.0 = Release|Any CPU
	EndGlobalSection
	GlobalSection(SolutionProperties) = preSolution
		HideSolutionNode = FALSE
	EndGlobalSection
	GlobalSection(ExtensibilityGlobals) = postSolution
		SolutionGuid = {F6867509-1F6D-4F78-BEB1-621FF397F010}
	EndGlobalSection
EndGlobal
